{
  "name": "MyWebsite",
  "lockfileVersion": 2,
  "requires": true,
  "packages": {
    "": {
      "dependencies": {
        "source": "^0.0.3"
      }
    },
    "node_modules/findit": {
      "version": "2.0.0",
      "resolved": "https://registry.npmjs.org/findit/-/findit-2.0.0.tgz",
      "integrity": "sha1-ZQnwEmr0wXhVHPqZOU4DLhOk1W4="
    },
    "node_modules/source": {
      "version": "0.0.3",
      "resolved": "https://registry.npmjs.org/source/-/source-0.0.3.tgz",
      "integrity": "sha1-BA8AoKPiY4FHwB0/KLf+sSbS6uk=",
      "dependencies": {
        "findit": ">=0.0.2"
      },
      "engines": {
        "node": ">=0.4.0"
      }
    }
  },
  "dependencies": {
    "findit": {
      "version": "2.0.0",
      "resolved": "https://registry.npmjs.org/findit/-/findit-2.0.0.tgz",
      "integrity": "sha1-ZQnwEmr0wXhVHPqZOU4DLhOk1W4="
    },
    "source": {
      "version": "0.0.3",
      "resolved": "https://registry.npmjs.org/source/-/source-0.0.3.tgz",
      "integrity": "sha1-BA8AoKPiY4FHwB0/KLf+sSbS6uk=",
      "requires": {
        "findit": ">=0.0.2"
      }
    }
  }
}
